{
  "name": "gnode",
  "version": "1.0.0",
  "lockfileVersion": 1,
  "requires": true,
  "dependencies": {
    "fs": {
      "version": "0.0.1-security",
      "resolved": "https://registry.npmjs.org/fs/-/fs-0.0.1-security.tgz",
      "integrity": "sha1-invTcYa23d84E/I4WLV+yq9eQdQ="
    },
    "graphql.js": {
      "version": "0.6.6",
      "resolved": "https://registry.npmjs.org/graphql.js/-/graphql.js-0.6.6.tgz",
      "integrity": "sha512-JPp3GlZBzr/xNxv2goT8bn54MjVENYEF8AyRoPCxAWyXEeRMGpo3IfK19trSlBJNYXpMcGO4sVh3olcO9iM7Bg=="
    },
    "node-fetch": {
      "version": "2.6.0",
      "resolved": "https://registry.npmjs.org/node-fetch/-/node-fetch-2.6.0.tgz",
      "integrity": "sha512-8dG4H5ujfvFiqDmVu9fQ5bOHUC15JMjMY/Zumv26oOvvVJjM67KF8koCWIabKQ1GJIa9r2mMZscBq/TbdOcmNA=="
    }
  }
}
